// !$*UTF8*$!
{
	archiveVersion = 1;
	classes = {
	};
	objectVersion = 56;
	objects = {

/* Begin PBXBuildFile section */
		790020F929AF649A00DCE75B /* walleeDemoApp.swift in Sources */ = {isa = PBXBuildFile; fileRef = 790020F829AF649A00DCE75B /* walleeDemoApp.swift */; };
		790020FD29AF649D00DCE75B /* Assets.xcassets in Resources */ = {isa = PBXBuildFile; fileRef = 790020FC29AF649D00DCE75B /* Assets.xcassets */; };
		7900210029AF649D00DCE75B /* Preview Assets.xcassets in Resources */ = {isa = PBXBuildFile; fileRef = 790020FF29AF649D00DCE75B /* Preview Assets.xcassets */; };
		7900210729AF7B8600DCE75B /* ProductCardView.swift in Sources */ = {isa = PBXBuildFile; fileRef = 7900210629AF7B8600DCE75B /* ProductCardView.swift */; };
		7900210929AF7C4200DCE75B /* Product.swift in Sources */ = {isa = PBXBuildFile; fileRef = 7900210829AF7C4200DCE75B /* Product.swift */; };
		7900210D29AF8ADB00DCE75B /* ProductDetailView.swift in Sources */ = {isa = PBXBuildFile; fileRef = 7900210C29AF8ADB00DCE75B /* ProductDetailView.swift */; };
		791C143C2A33314A0010CF0D /* Toast.swift in Sources */ = {isa = PBXBuildFile; fileRef = 791C143B2A33314A0010CF0D /* Toast.swift */; };
		7922362329B6A0E1004DEA8C /* Constants.swift in Sources */ = {isa = PBXBuildFile; fileRef = 7922362229B6A0E1004DEA8C /* Constants.swift */; };
		7922362629B6AD65004DEA8C /* Color.swift in Sources */ = {isa = PBXBuildFile; fileRef = 7922362529B6AD65004DEA8C /* Color.swift */; };
		7922362C29B6B25A004DEA8C /* HomeView.swift in Sources */ = {isa = PBXBuildFile; fileRef = 7922362B29B6B25A004DEA8C /* HomeView.swift */; };
		7922363329B72839004DEA8C /* IconButtonView.swift in Sources */ = {isa = PBXBuildFile; fileRef = 7922363229B72839004DEA8C /* IconButtonView.swift */; };
		7922363829B72F90004DEA8C /* ShoppingCartView.swift in Sources */ = {isa = PBXBuildFile; fileRef = 7922363729B72F90004DEA8C /* ShoppingCartView.swift */; };
		792FC89E29C1B08900D2C86F /* CartProductRowView.swift in Sources */ = {isa = PBXBuildFile; fileRef = 792FC89D29C1B08900D2C86F /* CartProductRowView.swift */; };
		798DFEBB2A0E73800049463F /* PaymentManager.swift in Sources */ = {isa = PBXBuildFile; fileRef = 798DFEBA2A0E73800049463F /* PaymentManager.swift */; };
		798DFEBD2A0E76190049463F /* ThemeProvider.swift in Sources */ = {isa = PBXBuildFile; fileRef = 798DFEBC2A0E76190049463F /* ThemeProvider.swift */; };
		7991F6BC29CDA9C1009CFCFE /* LaunchView.swift in Sources */ = {isa = PBXBuildFile; fileRef = 7991F6BB29CDA9C1009CFCFE /* LaunchView.swift */; };
		7991F6BE29CDB132009CFCFE /* LaunchViewManager.swift in Sources */ = {isa = PBXBuildFile; fileRef = 7991F6BD29CDB132009CFCFE /* LaunchViewManager.swift */; };
		7995B6B92A1F81B50009167A /* SettingsView.swift in Sources */ = {isa = PBXBuildFile; fileRef = 7995B6B82A1F81B50009167A /* SettingsView.swift */; };
		7995B6BC2A1F96750009167A /* UserDetailsView.swift in Sources */ = {isa = PBXBuildFile; fileRef = 7995B6BB2A1F96750009167A /* UserDetailsView.swift */; };
		79AC31C529BA0BF000A7B957 /* ContentView.swift in Sources */ = {isa = PBXBuildFile; fileRef = 79AC31C429BA0BF000A7B957 /* ContentView.swift */; };
		79B51E5229BA34BD00405046 /* CartManager.swift in Sources */ = {isa = PBXBuildFile; fileRef = 79B51E5129BA34BD00405046 /* CartManager.swift */; };
		79C7066B2A2E42640060E8C5 /* Extentions.swift in Sources */ = {isa = PBXBuildFile; fileRef = 79C7066A2A2E42640060E8C5 /* Extentions.swift */; };
		79D488DA29C301E2004F2AE1 /* CartItem.swift in Sources */ = {isa = PBXBuildFile; fileRef = 79D488D929C301E2004F2AE1 /* CartItem.swift */; };
		79D74A102A308BA0004ED9D3 /* Transaction.swift in Sources */ = {isa = PBXBuildFile; fileRef = 79F4C0972A27533A002BBD44 /* Transaction.swift */; };
		79DBF1F329B1E77B003C8D0C /* ImageSliderView.swift in Sources */ = {isa = PBXBuildFile; fileRef = 79DBF1F229B1E77B003C8D0C /* ImageSliderView.swift */; };
		B766B4B66B958ABBC29146D7 /* Pods_walleeDemo.framework in Frameworks */ = {isa = PBXBuildFile; fileRef = C67855DAADD515F5C0CCA1F5 /* Pods_walleeDemo.framework */; };
/* End PBXBuildFile section */

/* Begin PBXFileReference section */
		051A86F5DE20CF3F22891497 /* Pods-walleeDemo.debug.xcconfig */ = {isa = PBXFileReference; includeInIndex = 1; lastKnownFileType = text.xcconfig; name = "Pods-walleeDemo.debug.xcconfig"; path = "Target Support Files/Pods-walleeDemo/Pods-walleeDemo.debug.xcconfig"; sourceTree = "<group>"; };
		1FE62B5459EA043669BEFC4C /* Pods-walleeDemo.release.xcconfig */ = {isa = PBXFileReference; includeInIndex = 1; lastKnownFileType = text.xcconfig; name = "Pods-walleeDemo.release.xcconfig"; path = "Target Support Files/Pods-walleeDemo/Pods-walleeDemo.release.xcconfig"; sourceTree = "<group>"; };
		790020F529AF649A00DCE75B /* walleeDemo.app */ = {isa = PBXFileReference; explicitFileType = wrapper.application; includeInIndex = 0; path = walleeDemo.app; sourceTree = BUILT_PRODUCTS_DIR; };
		790020F829AF649A00DCE75B /* walleeDemoApp.swift */ = {isa = PBXFileReference; lastKnownFileType = sourcecode.swift; path = walleeDemoApp.swift; sourceTree = "<group>"; };
		790020FC29AF649D00DCE75B /* Assets.xcassets */ = {isa = PBXFileReference; lastKnownFileType = folder.assetcatalog; path = Assets.xcassets; sourceTree = "<group>"; };
		790020FF29AF649D00DCE75B /* Preview Assets.xcassets */ = {isa = PBXFileReference; lastKnownFileType = folder.assetcatalog; path = "Preview Assets.xcassets"; sourceTree = "<group>"; };
		7900210629AF7B8600DCE75B /* ProductCardView.swift */ = {isa = PBXFileReference; lastKnownFileType = sourcecode.swift; path = ProductCardView.swift; sourceTree = "<group>"; };
		7900210829AF7C4200DCE75B /* Product.swift */ = {isa = PBXFileReference; lastKnownFileType = sourcecode.swift; path = Product.swift; sourceTree = "<group>"; };
		7900210C29AF8ADB00DCE75B /* ProductDetailView.swift */ = {isa = PBXFileReference; lastKnownFileType = sourcecode.swift; path = ProductDetailView.swift; sourceTree = "<group>"; };
		791C143B2A33314A0010CF0D /* Toast.swift */ = {isa = PBXFileReference; lastKnownFileType = sourcecode.swift; path = Toast.swift; sourceTree = "<group>"; };
		7922362229B6A0E1004DEA8C /* Constants.swift */ = {isa = PBXFileReference; lastKnownFileType = sourcecode.swift; path = Constants.swift; sourceTree = "<group>"; };
		7922362529B6AD65004DEA8C /* Color.swift */ = {isa = PBXFileReference; lastKnownFileType = sourcecode.swift; path = Color.swift; sourceTree = "<group>"; };
		7922362B29B6B25A004DEA8C /* HomeView.swift */ = {isa = PBXFileReference; lastKnownFileType = sourcecode.swift; path = HomeView.swift; sourceTree = "<group>"; };
		7922363229B72839004DEA8C /* IconButtonView.swift */ = {isa = PBXFileReference; lastKnownFileType = sourcecode.swift; path = IconButtonView.swift; sourceTree = "<group>"; };
		7922363729B72F90004DEA8C /* ShoppingCartView.swift */ = {isa = PBXFileReference; lastKnownFileType = sourcecode.swift; path = ShoppingCartView.swift; sourceTree = "<group>"; };
		792FC89D29C1B08900D2C86F /* CartProductRowView.swift */ = {isa = PBXFileReference; lastKnownFileType = sourcecode.swift; path = CartProductRowView.swift; sourceTree = "<group>"; };
		798DFEBA2A0E73800049463F /* PaymentManager.swift */ = {isa = PBXFileReference; lastKnownFileType = sourcecode.swift; path = PaymentManager.swift; sourceTree = "<group>"; };
		798DFEBC2A0E76190049463F /* ThemeProvider.swift */ = {isa = PBXFileReference; lastKnownFileType = sourcecode.swift; path = ThemeProvider.swift; sourceTree = "<group>"; };
		7991F6BB29CDA9C1009CFCFE /* LaunchView.swift */ = {isa = PBXFileReference; lastKnownFileType = sourcecode.swift; path = LaunchView.swift; sourceTree = "<group>"; };
		7991F6BD29CDB132009CFCFE /* LaunchViewManager.swift */ = {isa = PBXFileReference; lastKnownFileType = sourcecode.swift; path = LaunchViewManager.swift; sourceTree = "<group>"; };
		7995B6B82A1F81B50009167A /* SettingsView.swift */ = {isa = PBXFileReference; lastKnownFileType = sourcecode.swift; path = SettingsView.swift; sourceTree = "<group>"; };
		7995B6BB2A1F96750009167A /* UserDetailsView.swift */ = {isa = PBXFileReference; lastKnownFileType = sourcecode.swift; path = UserDetailsView.swift; sourceTree = "<group>"; };
		79AC31C429BA0BF000A7B957 /* ContentView.swift */ = {isa = PBXFileReference; lastKnownFileType = sourcecode.swift; path = ContentView.swift; sourceTree = "<group>"; };
		79B51E5129BA34BD00405046 /* CartManager.swift */ = {isa = PBXFileReference; lastKnownFileType = sourcecode.swift; path = CartManager.swift; sourceTree = "<group>"; };
		79C7066A2A2E42640060E8C5 /* Extentions.swift */ = {isa = PBXFileReference; lastKnownFileType = sourcecode.swift; path = Extentions.swift; sourceTree = "<group>"; };
		79D488D929C301E2004F2AE1 /* CartItem.swift */ = {isa = PBXFileReference; lastKnownFileType = sourcecode.swift; path = CartItem.swift; sourceTree = "<group>"; };
		79DBF1F229B1E77B003C8D0C /* ImageSliderView.swift */ = {isa = PBXFileReference; lastKnownFileType = sourcecode.swift; path = ImageSliderView.swift; sourceTree = "<group>"; };
		79F4C0972A27533A002BBD44 /* Transaction.swift */ = {isa = PBXFileReference; lastKnownFileType = sourcecode.swift; path = Transaction.swift; sourceTree = "<group>"; };
		C67855DAADD515F5C0CCA1F5 /* Pods_walleeDemo.framework */ = {isa = PBXFileReference; explicitFileType = wrapper.framework; includeInIndex = 0; path = Pods_walleeDemo.framework; sourceTree = BUILT_PRODUCTS_DIR; };
/* End PBXFileReference section */

/* Begin PBXFrameworksBuildPhase section */
		790020F229AF649A00DCE75B /* Frameworks */ = {
			isa = PBXFrameworksBuildPhase;
			buildActionMask = 2147483647;
			files = (
				B766B4B66B958ABBC29146D7 /* Pods_walleeDemo.framework in Frameworks */,
			);
			runOnlyForDeploymentPostprocessing = 0;
		};
/* End PBXFrameworksBuildPhase section */

/* Begin PBXGroup section */
		790020EC29AF649A00DCE75B = {
			isa = PBXGroup;
			children = (
				7977CACC2A3B3C3D0006D309 /* Documentation */,
				790020F729AF649A00DCE75B /* walleeDemo */,
				790020F629AF649A00DCE75B /* Products */,
				C4233E123573BA67FF76DB94 /* Pods */,
				CCFA438342DF8DA7A46237F8 /* Frameworks */,
			);
			sourceTree = "<group>";
		};
		790020F629AF649A00DCE75B /* Products */ = {
			isa = PBXGroup;
			children = (
				790020F529AF649A00DCE75B /* walleeDemo.app */,
			);
			name = Products;
			sourceTree = "<group>";
		};
		790020F729AF649A00DCE75B /* walleeDemo */ = {
			isa = PBXGroup;
			children = (
				790020F829AF649A00DCE75B /* walleeDemoApp.swift */,
				79AC31C429BA0BF000A7B957 /* ContentView.swift */,
				7922362729B6B228004DEA8C /* Core */,
				7922362429B6AD37004DEA8C /* Extentions */,
				792FC89629C0CBAF00D2C86F /* Models */,
				7922362129B6A0CA004DEA8C /* Utils */,
				790020FC29AF649D00DCE75B /* Assets.xcassets */,
				79B51E5129BA34BD00405046 /* CartManager.swift */,
				7991F6BD29CDB132009CFCFE /* LaunchViewManager.swift */,
				798DFEBA2A0E73800049463F /* PaymentManager.swift */,
				798DFEBC2A0E76190049463F /* ThemeProvider.swift */,
				790020FE29AF649D00DCE75B /* Preview Content */,
			);
			path = walleeDemo;
			sourceTree = "<group>";
		};
		790020FE29AF649D00DCE75B /* Preview Content */ = {
			isa = PBXGroup;
			children = (
				790020FF29AF649D00DCE75B /* Preview Assets.xcassets */,
			);
			path = "Preview Content";
			sourceTree = "<group>";
		};
		7922362129B6A0CA004DEA8C /* Utils */ = {
			isa = PBXGroup;
			children = (
				7922362229B6A0E1004DEA8C /* Constants.swift */,
				79C7066A2A2E42640060E8C5 /* Extentions.swift */,
			);
			path = Utils;
			sourceTree = "<group>";
		};
		7922362429B6AD37004DEA8C /* Extentions */ = {
			isa = PBXGroup;
			children = (
				7922362529B6AD65004DEA8C /* Color.swift */,
			);
			path = Extentions;
			sourceTree = "<group>";
		};
		7922362729B6B228004DEA8C /* Core */ = {
			isa = PBXGroup;
			children = (
				7995B6BA2A1F965F0009167A /* UserDetails */,
				7995B6B72A1F818A0009167A /* Settings */,
				7991F6BA29CDA9AC009CFCFE /* Launch */,
				7922362829B6B230004DEA8C /* Home */,
				7922363929B79FD9004DEA8C /* ProductDetail */,
				7922363429B72F4B004DEA8C /* ShoppingCart */,
				7922362D29B6B56D004DEA8C /* Components */,
			);
			path = Core;
			sourceTree = "<group>";
		};
		7922362829B6B230004DEA8C /* Home */ = {
			isa = PBXGroup;
			children = (
				7922362B29B6B25A004DEA8C /* HomeView.swift */,
			);
			path = Home;
			sourceTree = "<group>";
		};
		7922362D29B6B56D004DEA8C /* Components */ = {
			isa = PBXGroup;
			children = (
				792FC89C29C1B06E00D2C86F /* CartProductRow */,
				792FC89B29C1B01A00D2C86F /* ProductCard */,
				7922363C29B8E2FD004DEA8C /* ImageSlider */,
				7922363129B72820004DEA8C /* IconButton */,
			);
			path = Components;
			sourceTree = "<group>";
		};
		7922363129B72820004DEA8C /* IconButton */ = {
			isa = PBXGroup;
			children = (
				7922363229B72839004DEA8C /* IconButtonView.swift */,
			);
			path = IconButton;
			sourceTree = "<group>";
		};
		7922363429B72F4B004DEA8C /* ShoppingCart */ = {
			isa = PBXGroup;
			children = (
				7922363729B72F90004DEA8C /* ShoppingCartView.swift */,
			);
			path = ShoppingCart;
			sourceTree = "<group>";
		};
		7922363929B79FD9004DEA8C /* ProductDetail */ = {
			isa = PBXGroup;
			children = (
				7900210C29AF8ADB00DCE75B /* ProductDetailView.swift */,
			);
			path = ProductDetail;
			sourceTree = "<group>";
		};
		7922363C29B8E2FD004DEA8C /* ImageSlider */ = {
			isa = PBXGroup;
			children = (
				79DBF1F229B1E77B003C8D0C /* ImageSliderView.swift */,
			);
			path = ImageSlider;
			sourceTree = "<group>";
		};
		792FC89629C0CBAF00D2C86F /* Models */ = {
			isa = PBXGroup;
			children = (
				7900210829AF7C4200DCE75B /* Product.swift */,
				79D488D929C301E2004F2AE1 /* CartItem.swift */,
				79F4C0972A27533A002BBD44 /* Transaction.swift */,
				791C143B2A33314A0010CF0D /* Toast.swift */,
			);
			path = Models;
			sourceTree = "<group>";
		};
		792FC89B29C1B01A00D2C86F /* ProductCard */ = {
			isa = PBXGroup;
			children = (
				7900210629AF7B8600DCE75B /* ProductCardView.swift */,
			);
			path = ProductCard;
			sourceTree = "<group>";
		};
		792FC89C29C1B06E00D2C86F /* CartProductRow */ = {
			isa = PBXGroup;
			children = (
				792FC89D29C1B08900D2C86F /* CartProductRowView.swift */,
			);
			path = CartProductRow;
			sourceTree = "<group>";
		};
		7977CACC2A3B3C3D0006D309 /* Documentation */ = {
			isa = PBXGroup;
			children = (
				7977CACD2A3B3C480006D309 /* Images */,
			);
			path = Documentation;
			sourceTree = "<group>";
		};
		7977CACD2A3B3C480006D309 /* Images */ = {
			isa = PBXGroup;
			children = (
			);
			path = Images;
			sourceTree = "<group>";
		};
		7991F6BA29CDA9AC009CFCFE /* Launch */ = {
			isa = PBXGroup;
			children = (
				7991F6BB29CDA9C1009CFCFE /* LaunchView.swift */,
			);
			path = Launch;
			sourceTree = "<group>";
		};
		7995B6B72A1F818A0009167A /* Settings */ = {
			isa = PBXGroup;
			children = (
				7995B6B82A1F81B50009167A /* SettingsView.swift */,
			);
			path = Settings;
			sourceTree = "<group>";
		};
		7995B6BA2A1F965F0009167A /* UserDetails */ = {
			isa = PBXGroup;
			children = (
				7995B6BB2A1F96750009167A /* UserDetailsView.swift */,
			);
			path = UserDetails;
			sourceTree = "<group>";
		};
		C4233E123573BA67FF76DB94 /* Pods */ = {
			isa = PBXGroup;
			children = (
				051A86F5DE20CF3F22891497 /* Pods-walleeDemo.debug.xcconfig */,
				1FE62B5459EA043669BEFC4C /* Pods-walleeDemo.release.xcconfig */,
			);
			path = Pods;
			sourceTree = "<group>";
		};
		CCFA438342DF8DA7A46237F8 /* Frameworks */ = {
			isa = PBXGroup;
			children = (
				C67855DAADD515F5C0CCA1F5 /* Pods_walleeDemo.framework */,
			);
			name = Frameworks;
			sourceTree = "<group>";
		};
/* End PBXGroup section */

/* Begin PBXNativeTarget section */
		790020F429AF649A00DCE75B /* walleeDemo */ = {
			isa = PBXNativeTarget;
			buildConfigurationList = 7900210329AF649D00DCE75B /* Build configuration list for PBXNativeTarget "walleeDemo" */;
			buildPhases = (
				9173666B43EC77FB1DC16F48 /* [CP] Check Pods Manifest.lock */,
				790020F129AF649A00DCE75B /* Sources */,
				790020F229AF649A00DCE75B /* Frameworks */,
				790020F329AF649A00DCE75B /* Resources */,
				FDE02417C9C6C0685A990DF7 /* [CP] Embed Pods Frameworks */,
				1123E6E603887C6A44CB43F4 /* [CP] Copy Pods Resources */,
			);
			buildRules = (
			);
			dependencies = (
			);
			name = walleeDemo;
			productName = walleeDemo;
			productReference = 790020F529AF649A00DCE75B /* walleeDemo.app */;
			productType = "com.apple.product-type.application";
		};
/* End PBXNativeTarget section */

/* Begin PBXProject section */
		790020ED29AF649A00DCE75B /* Project object */ = {
			isa = PBXProject;
			attributes = {
				BuildIndependentTargetsInParallel = 1;
				LastSwiftUpdateCheck = 1400;
				LastUpgradeCheck = 1400;
				TargetAttributes = {
					790020F429AF649A00DCE75B = {
						CreatedOnToolsVersion = 14.0.1;
					};
				};
			};
			buildConfigurationList = 790020F029AF649A00DCE75B /* Build configuration list for PBXProject "walleeDemo" */;
			compatibilityVersion = "Xcode 14.0";
			developmentRegion = en;
			hasScannedForEncodings = 0;
			knownRegions = (
				en,
				Base,
			);
			mainGroup = 790020EC29AF649A00DCE75B;
			productRefGroup = 790020F629AF649A00DCE75B /* Products */;
			projectDirPath = "";
			projectRoot = "";
			targets = (
				790020F429AF649A00DCE75B /* walleeDemo */,
			);
		};
/* End PBXProject section */

/* Begin PBXResourcesBuildPhase section */
		790020F329AF649A00DCE75B /* Resources */ = {
			isa = PBXResourcesBuildPhase;
			buildActionMask = 2147483647;
			files = (
				7900210029AF649D00DCE75B /* Preview Assets.xcassets in Resources */,
				790020FD29AF649D00DCE75B /* Assets.xcassets in Resources */,
			);
			runOnlyForDeploymentPostprocessing = 0;
		};
/* End PBXResourcesBuildPhase section */

/* Begin PBXShellScriptBuildPhase section */
		1123E6E603887C6A44CB43F4 /* [CP] Copy Pods Resources */ = {
			isa = PBXShellScriptBuildPhase;
			buildActionMask = 2147483647;
			files = (
			);
			inputFileListPaths = (
				"${PODS_ROOT}/Target Support Files/Pods-walleeDemo/Pods-walleeDemo-resources-${CONFIGURATION}-input-files.xcfilelist",
			);
			name = "[CP] Copy Pods Resources";
			outputFileListPaths = (
				"${PODS_ROOT}/Target Support Files/Pods-walleeDemo/Pods-walleeDemo-resources-${CONFIGURATION}-output-files.xcfilelist",
			);
			runOnlyForDeploymentPostprocessing = 0;
			shellPath = /bin/sh;
			shellScript = "\"${PODS_ROOT}/Target Support Files/Pods-walleeDemo/Pods-walleeDemo-resources.sh\"\n";
			showEnvVarsInLog = 0;
		};
		9173666B43EC77FB1DC16F48 /* [CP] Check Pods Manifest.lock */ = {
			isa = PBXShellScriptBuildPhase;
			buildActionMask = 2147483647;
			files = (
			);
			inputFileListPaths = (
			);
			inputPaths = (
				"${PODS_PODFILE_DIR_PATH}/Podfile.lock",
				"${PODS_ROOT}/Manifest.lock",
			);
			name = "[CP] Check Pods Manifest.lock";
			outputFileListPaths = (
			);
			outputPaths = (
				"$(DERIVED_FILE_DIR)/Pods-walleeDemo-checkManifestLockResult.txt",
			);
			runOnlyForDeploymentPostprocessing = 0;
			shellPath = /bin/sh;
			shellScript = "diff \"${PODS_PODFILE_DIR_PATH}/Podfile.lock\" \"${PODS_ROOT}/Manifest.lock\" > /dev/null\nif [ $? != 0 ] ; then\n    # print error to STDERR\n    echo \"error: The sandbox is not in sync with the Podfile.lock. Run 'pod install' or update your CocoaPods installation.\" >&2\n    exit 1\nfi\n# This output is used by Xcode 'outputs' to avoid re-running this script phase.\necho \"SUCCESS\" > \"${SCRIPT_OUTPUT_FILE_0}\"\n";
			showEnvVarsInLog = 0;
		};
		FDE02417C9C6C0685A990DF7 /* [CP] Embed Pods Frameworks */ = {
			isa = PBXShellScriptBuildPhase;
			buildActionMask = 2147483647;
			files = (
			);
			inputFileListPaths = (
				"${PODS_ROOT}/Target Support Files/Pods-walleeDemo/Pods-walleeDemo-frameworks-${CONFIGURATION}-input-files.xcfilelist",
			);
			name = "[CP] Embed Pods Frameworks";
			outputFileListPaths = (
				"${PODS_ROOT}/Target Support Files/Pods-walleeDemo/Pods-walleeDemo-frameworks-${CONFIGURATION}-output-files.xcfilelist",
			);
			runOnlyForDeploymentPostprocessing = 0;
			shellPath = /bin/sh;
			shellScript = "\"${PODS_ROOT}/Target Support Files/Pods-walleeDemo/Pods-walleeDemo-frameworks.sh\"\n";
			showEnvVarsInLog = 0;
		};
/* End PBXShellScriptBuildPhase section */

/* Begin PBXSourcesBuildPhase section */
		790020F129AF649A00DCE75B /* Sources */ = {
			isa = PBXSourcesBuildPhase;
			buildActionMask = 2147483647;
			files = (
				7995B6BC2A1F96750009167A /* UserDetailsView.swift in Sources */,
				792FC89E29C1B08900D2C86F /* CartProductRowView.swift in Sources */,
				7991F6BC29CDA9C1009CFCFE /* LaunchView.swift in Sources */,
				7922362C29B6B25A004DEA8C /* HomeView.swift in Sources */,
				7991F6BE29CDB132009CFCFE /* LaunchViewManager.swift in Sources */,
				790020F929AF649A00DCE75B /* walleeDemoApp.swift in Sources */,
				7922363329B72839004DEA8C /* IconButtonView.swift in Sources */,
				79B51E5229BA34BD00405046 /* CartManager.swift in Sources */,
				7900210729AF7B8600DCE75B /* ProductCardView.swift in Sources */,
				79DBF1F329B1E77B003C8D0C /* ImageSliderView.swift in Sources */,
				7900210929AF7C4200DCE75B /* Product.swift in Sources */,
				7922362629B6AD65004DEA8C /* Color.swift in Sources */,
				7900210D29AF8ADB00DCE75B /* ProductDetailView.swift in Sources */,
				79D74A102A308BA0004ED9D3 /* Transaction.swift in Sources */,
				79C7066B2A2E42640060E8C5 /* Extentions.swift in Sources */,
				79AC31C529BA0BF000A7B957 /* ContentView.swift in Sources */,
				7922363829B72F90004DEA8C /* ShoppingCartView.swift in Sources */,
				7922362329B6A0E1004DEA8C /* Constants.swift in Sources */,
				798DFEBB2A0E73800049463F /* PaymentManager.swift in Sources */,
				798DFEBD2A0E76190049463F /* ThemeProvider.swift in Sources */,
				79D488DA29C301E2004F2AE1 /* CartItem.swift in Sources */,
				791C143C2A33314A0010CF0D /* Toast.swift in Sources */,
				7995B6B92A1F81B50009167A /* SettingsView.swift in Sources */,
			);
			runOnlyForDeploymentPostprocessing = 0;
		};
/* End PBXSourcesBuildPhase section */

/* Begin XCBuildConfiguration section */
		7900210129AF649D00DCE75B /* Debug */ = {
			isa = XCBuildConfiguration;
			buildSettings = {
				ALWAYS_SEARCH_USER_PATHS = NO;
				CLANG_ANALYZER_NONNULL = YES;
				CLANG_ANALYZER_NUMBER_OBJECT_CONVERSION = YES_AGGRESSIVE;
				CLANG_CXX_LANGUAGE_STANDARD = "gnu++20";
				CLANG_ENABLE_MODULES = YES;
				CLANG_ENABLE_OBJC_ARC = YES;
				CLANG_ENABLE_OBJC_WEAK = YES;
				CLANG_WARN_BLOCK_CAPTURE_AUTORELEASING = YES;
				CLANG_WARN_BOOL_CONVERSION = YES;
				CLANG_WARN_COMMA = YES;
				CLANG_WARN_CONSTANT_CONVERSION = YES;
				CLANG_WARN_DEPRECATED_OBJC_IMPLEMENTATIONS = YES;
				CLANG_WARN_DIRECT_OBJC_ISA_USAGE = YES_ERROR;
				CLANG_WARN_DOCUMENTATION_COMMENTS = YES;
				CLANG_WARN_EMPTY_BODY = YES;
				CLANG_WARN_ENUM_CONVERSION = YES;
				CLANG_WARN_INFINITE_RECURSION = YES;
				CLANG_WARN_INT_CONVERSION = YES;
				CLANG_WARN_NON_LITERAL_NULL_CONVERSION = YES;
				CLANG_WARN_OBJC_IMPLICIT_RETAIN_SELF = YES;
				CLANG_WARN_OBJC_LITERAL_CONVERSION = YES;
				CLANG_WARN_OBJC_ROOT_CLASS = YES_ERROR;
				CLANG_WARN_QUOTED_INCLUDE_IN_FRAMEWORK_HEADER = YES;
				CLANG_WARN_RANGE_LOOP_ANALYSIS = YES;
				CLANG_WARN_STRICT_PROTOTYPES = YES;
				CLANG_WARN_SUSPICIOUS_MOVE = YES;
				CLANG_WARN_UNGUARDED_AVAILABILITY = YES_AGGRESSIVE;
				CLANG_WARN_UNREACHABLE_CODE = YES;
				CLANG_WARN__DUPLICATE_METHOD_MATCH = YES;
				COPY_PHASE_STRIP = NO;
				DEBUG_INFORMATION_FORMAT = dwarf;
				ENABLE_STRICT_OBJC_MSGSEND = YES;
				ENABLE_TESTABILITY = YES;
				GCC_C_LANGUAGE_STANDARD = gnu11;
				GCC_DYNAMIC_NO_PIC = NO;
				GCC_NO_COMMON_BLOCKS = YES;
				GCC_OPTIMIZATION_LEVEL = 0;
				GCC_PREPROCESSOR_DEFINITIONS = (
					"DEBUG=1",
					"$(inherited)",
				);
				GCC_WARN_64_TO_32_BIT_CONVERSION = YES;
				GCC_WARN_ABOUT_RETURN_TYPE = YES_ERROR;
				GCC_WARN_UNDECLARED_SELECTOR = YES;
				GCC_WARN_UNINITIALIZED_AUTOS = YES_AGGRESSIVE;
				GCC_WARN_UNUSED_FUNCTION = YES;
				GCC_WARN_UNUSED_VARIABLE = YES;
				IPHONEOS_DEPLOYMENT_TARGET = 16.0;
				MTL_ENABLE_DEBUG_INFO = INCLUDE_SOURCE;
				MTL_FAST_MATH = YES;
				ONLY_ACTIVE_ARCH = YES;
				SDKROOT = iphoneos;
				SWIFT_ACTIVE_COMPILATION_CONDITIONS = DEBUG;
				SWIFT_OPTIMIZATION_LEVEL = "-Onone";
			};
			name = Debug;
		};
		7900210229AF649D00DCE75B /* Release */ = {
			isa = XCBuildConfiguration;
			buildSettings = {
				ALWAYS_SEARCH_USER_PATHS = NO;
				CLANG_ANALYZER_NONNULL = YES;
				CLANG_ANALYZER_NUMBER_OBJECT_CONVERSION = YES_AGGRESSIVE;
				CLANG_CXX_LANGUAGE_STANDARD = "gnu++20";
				CLANG_ENABLE_MODULES = YES;
				CLANG_ENABLE_OBJC_ARC = YES;
				CLANG_ENABLE_OBJC_WEAK = YES;
				CLANG_WARN_BLOCK_CAPTURE_AUTORELEASING = YES;
				CLANG_WARN_BOOL_CONVERSION = YES;
				CLANG_WARN_COMMA = YES;
				CLANG_WARN_CONSTANT_CONVERSION = YES;
				CLANG_WARN_DEPRECATED_OBJC_IMPLEMENTATIONS = YES;
				CLANG_WARN_DIRECT_OBJC_ISA_USAGE = YES_ERROR;
				CLANG_WARN_DOCUMENTATION_COMMENTS = YES;
				CLANG_WARN_EMPTY_BODY = YES;
				CLANG_WARN_ENUM_CONVERSION = YES;
				CLANG_WARN_INFINITE_RECURSION = YES;
				CLANG_WARN_INT_CONVERSION = YES;
				CLANG_WARN_NON_LITERAL_NULL_CONVERSION = YES;
				CLANG_WARN_OBJC_IMPLICIT_RETAIN_SELF = YES;
				CLANG_WARN_OBJC_LITERAL_CONVERSION = YES;
				CLANG_WARN_OBJC_ROOT_CLASS = YES_ERROR;
				CLANG_WARN_QUOTED_INCLUDE_IN_FRAMEWORK_HEADER = YES;
				CLANG_WARN_RANGE_LOOP_ANALYSIS = YES;
				CLANG_WARN_STRICT_PROTOTYPES = YES;
				CLANG_WARN_SUSPICIOUS_MOVE = YES;
				CLANG_WARN_UNGUARDED_AVAILABILITY = YES_AGGRESSIVE;
				CLANG_WARN_UNREACHABLE_CODE = YES;
				CLANG_WARN__DUPLICATE_METHOD_MATCH = YES;
				COPY_PHASE_STRIP = NO;
				DEBUG_INFORMATION_FORMAT = "dwarf-with-dsym";
				ENABLE_NS_ASSERTIONS = NO;
				ENABLE_STRICT_OBJC_MSGSEND = YES;
				GCC_C_LANGUAGE_STANDARD = gnu11;
				GCC_NO_COMMON_BLOCKS = YES;
				GCC_WARN_64_TO_32_BIT_CONVERSION = YES;
				GCC_WARN_ABOUT_RETURN_TYPE = YES_ERROR;
				GCC_WARN_UNDECLARED_SELECTOR = YES;
				GCC_WARN_UNINITIALIZED_AUTOS = YES_AGGRESSIVE;
				GCC_WARN_UNUSED_FUNCTION = YES;
				GCC_WARN_UNUSED_VARIABLE = YES;
				IPHONEOS_DEPLOYMENT_TARGET = 16.0;
				MTL_ENABLE_DEBUG_INFO = NO;
				MTL_FAST_MATH = YES;
				SDKROOT = iphoneos;
				SWIFT_COMPILATION_MODE = wholemodule;
				SWIFT_OPTIMIZATION_LEVEL = "-O";
				VALIDATE_PRODUCT = YES;
			};
			name = Release;
		};
		7900210429AF649D00DCE75B /* Debug */ = {
			isa = XCBuildConfiguration;
			baseConfigurationReference = 051A86F5DE20CF3F22891497 /* Pods-walleeDemo.debug.xcconfig */;
			buildSettings = {
				ASSETCATALOG_COMPILER_APPICON_NAME = AppIcon;
				ASSETCATALOG_COMPILER_GLOBAL_ACCENT_COLOR_NAME = AccentColor;
				CODE_SIGN_STYLE = Automatic;
				CURRENT_PROJECT_VERSION = 8;
				DEVELOPMENT_ASSET_PATHS = "\"walleeDemo/Preview Content\"";
				DEVELOPMENT_TEAM = 3PR83KKG59;
				ENABLE_PREVIEWS = YES;
				GENERATE_INFOPLIST_FILE = YES;
				INFOPLIST_KEY_CFBundleDisplayName = "wallee Demo";
				INFOPLIST_KEY_UIApplicationSceneManifest_Generation = YES;
				INFOPLIST_KEY_UIApplicationSupportsIndirectInputEvents = YES;
				INFOPLIST_KEY_UILaunchScreen_Generation = YES;
				INFOPLIST_KEY_UISupportedInterfaceOrientations_iPad = "UIInterfaceOrientationPortrait UIInterfaceOrientationPortraitUpsideDown UIInterfaceOrientationLandscapeLeft UIInterfaceOrientationLandscapeRight";
				INFOPLIST_KEY_UISupportedInterfaceOrientations_iPhone = "UIInterfaceOrientationPortrait UIInterfaceOrientationLandscapeLeft UIInterfaceOrientationLandscapeRight";
				IPHONEOS_DEPLOYMENT_TARGET = 16.0;
				LD_RUNPATH_SEARCH_PATHS = (
					"$(inherited)",
					"@executable_path/Frameworks",
				);
				MARKETING_VERSION = 1.1.0;
				PRODUCT_BUNDLE_IDENTIFIER = Wallee.walleeDemo;
				PRODUCT_NAME = "$(TARGET_NAME)";
				SWIFT_EMIT_LOC_STRINGS = YES;
				SWIFT_VERSION = 5.0;
				TARGETED_DEVICE_FAMILY = "1,2";
			};
			name = Debug;
		};
		7900210529AF649D00DCE75B /* Release */ = {
			isa = XCBuildConfiguration;
			baseConfigurationReference = 1FE62B5459EA043669BEFC4C /* Pods-walleeDemo.release.xcconfig */;
			buildSettings = {
				ASSETCATALOG_COMPILER_APPICON_NAME = AppIcon;
				ASSETCATALOG_COMPILER_GLOBAL_ACCENT_COLOR_NAME = AccentColor;
				CODE_SIGN_STYLE = Automatic;
				CURRENT_PROJECT_VERSION = 8;
				DEVELOPMENT_ASSET_PATHS = "\"walleeDemo/Preview Content\"";
				DEVELOPMENT_TEAM = 3PR83KKG59;
				ENABLE_PREVIEWS = YES;
				GENERATE_INFOPLIST_FILE = YES;
				INFOPLIST_KEY_CFBundleDisplayName = "wallee Demo";
				INFOPLIST_KEY_UIApplicationSceneManifest_Generation = YES;
				INFOPLIST_KEY_UIApplicationSupportsIndirectInputEvents = YES;
				INFOPLIST_KEY_UILaunchScreen_Generation = YES;
				INFOPLIST_KEY_UISupportedInterfaceOrientations_iPad = "UIInterfaceOrientationPortrait UIInterfaceOrientationPortraitUpsideDown UIInterfaceOrientationLandscapeLeft UIInterfaceOrientationLandscapeRight";
				INFOPLIST_KEY_UISupportedInterfaceOrientations_iPhone = "UIInterfaceOrientationPortrait UIInterfaceOrientationLandscapeLeft UIInterfaceOrientationLandscapeRight";
				IPHONEOS_DEPLOYMENT_TARGET = 16.0;
				LD_RUNPATH_SEARCH_PATHS = (
					"$(inherited)",
					"@executable_path/Frameworks",
				);
				MARKETING_VERSION = 1.1.0;
				PRODUCT_BUNDLE_IDENTIFIER = Wallee.walleeDemo;
				PRODUCT_NAME = "$(TARGET_NAME)";
				SWIFT_EMIT_LOC_STRINGS = YES;
				SWIFT_VERSION = 5.0;
				TARGETED_DEVICE_FAMILY = "1,2";
			};
			name = Release;
		};
/* End XCBuildConfiguration section */

/* Begin XCConfigurationList section */
		790020F029AF649A00DCE75B /* Build configuration list for PBXProject "walleeDemo" */ = {
			isa = XCConfigurationList;
			buildConfigurations = (
				7900210129AF649D00DCE75B /* Debug */,
				7900210229AF649D00DCE75B /* Release */,
			);
			defaultConfigurationIsVisible = 0;
			defaultConfigurationName = Release;
		};
		7900210329AF649D00DCE75B /* Build configuration list for PBXNativeTarget "walleeDemo" */ = {
			isa = XCConfigurationList;
			buildConfigurations = (
				7900210429AF649D00DCE75B /* Debug */,
				7900210529AF649D00DCE75B /* Release */,
			);
			defaultConfigurationIsVisible = 0;
			defaultConfigurationName = Release;
		};
/* End XCConfigurationList section */
	};
	rootObject = 790020ED29AF649A00DCE75B /* Project object */;
}
