PODS:
  - Alamofire (5.11.0)
  - AlertToast (1.3.9)

DEPENDENCIES:
  - Alamofire
  - AlertToast

SPEC REPOS:
  trunk:
    - Alamofire
    - AlertToast

SPEC CHECKSUMS:
  Alamofire: bd5e7b23a1a750975288482c1831d71e74415f86
  AlertToast: e8db15da727beff75500bcf33a78cd617f408fa1

PODFILE CHECKSUM: 63b1498ee42a98b723c6387ca0edf00fb4c06371

COCOAPODS: 1.16.2
