PODS:
  - Alamofire (5.7.1)
  - AlertToast (1.3.9)
  - WalleePaymentSdk (1.1.6)

DEPENDENCIES:
  - Alamofire
  - AlertToast
  - WalleePaymentSdk (= 1.1.6)

SPEC REPOS:
  https://github.com/WhiteLabelGithubOwnerName/ios-mobile-sdk-spec.git:
    - WalleePaymentSdk
  trunk:
    - Alamofire
    - AlertToast

SPEC CHECKSUMS:
  Alamofire: 0123a34370cb170936ae79a8df46cc62b2edeb88
  AlertToast: e8db15da727beff75500bcf33a78cd617f408fa1
  WalleePaymentSdk: b667281abd0dfc4df9a76a1de31f916bc6b2277f

PODFILE CHECKSUM: f000cce34bf94408c7d6906196f4fb1526904103

COCOAPODS: 1.12.1
